
Microsoft Visual Studio Solution File, Format Version 12.00
# Visual Studio 15
VisualStudioVersion = 15.0.28307.271
MinimumVisualStudioVersion = 10.0.40219.1
Project("{FAE04EC0-301F-11D3-BF4B-00C04F79EFBC}") = "Uebung1", "ITL\Uebungen\Uebung1\Uebung1.csproj", "{416738AD-CF88-49FC-9E27-0AEF9FE12269}"
EndProject
Project("{FAE04EC0-301F-11D3-BF4B-00C04F79EFBC}") = "Uebung2", "ITL\Uebungen\Uebung2\Uebung2.csproj", "{63630B7F-2FB4-4438-A553-3C3112E1412C}"
EndProject
Project("{FAE04EC0-301F-11D3-BF4B-00C04F79EFBC}") = "Uebung3", "ITL\Uebungen\Uebung3\Uebung3.csproj", "{789350EC-2BE1-4E99-AD0B-D11D70AAD549}"
EndProject
Project("{2150E333-8FDC-42A3-9474-1A3956D46DE8}") = "Einführung", "Einführung", "{9EEEA6E0-3BEA-4555-BB37-90A7DA2F87C8}"
EndProject
Project("{2150E333-8FDC-42A3-9474-1A3956D46DE8}") = "Arbeitsaufträge", "Arbeitsaufträge", "{33EE2A8F-FFB9-4E37-81B7-54542EC51D57}"
EndProject
Project("{2150E333-8FDC-42A3-9474-1A3956D46DE8}") = "AA_01", "AA_01", "{767F6765-4963-4146-B171-EB5BEF875197}"
EndProject
Project("{FAE04EC0-301F-11D3-BF4B-00C04F79EFBC}") = "DrawCharacter", "ITL\Auftraege\DrawCharacter\DrawCharacter.csproj", "{88FC97D6-FCEC-4C1B-9093-A738C2371DFD}"
EndProject
Project("{FAE04EC0-301F-11D3-BF4B-00C04F79EFBC}") = "Uebung4", "ITL\Uebungen\Uebung4\Uebung4.csproj", "{6E8CCC4E-5841-478D-BB6A-0E3493FE4BA2}"
EndProject
Project("{2150E333-8FDC-42A3-9474-1A3956D46DE8}") = "AA_02", "AA_02", "{C65C5388-A5D5-44BB-902F-2F97965630F8}"
EndProject
Project("{FAE04EC0-301F-11D3-BF4B-00C04F79EFBC}") = "Rectangle", "ITL\Auftraege\Rectangle\Rectangle.csproj", "{E1C83E6F-A799-4EFF-A917-2FB4040DA2F0}"
EndProject
Project("{FAE04EC0-301F-11D3-BF4B-00C04F79EFBC}") = "Uebung5", "ITL\Uebungen\Uebung5\Uebung5.csproj", "{B827FE51-4FF6-4DD7-B3E1-61C6DC9543C0}"
EndProject
Project("{2150E333-8FDC-42A3-9474-1A3956D46DE8}") = "U01_Snake", "U01_Snake", "{60324169-2A53-4E91-BC73-E456FFA94FD3}"
EndProject
Project("{FAE04EC0-301F-11D3-BF4B-00C04F79EFBC}") = "Snake", "ITL\Auftraege\Snake\Snake.csproj", "{1C80DCFA-68B7-489C-8A33-CACC10D0A4BC}"
EndProject
Project("{2150E333-8FDC-42A3-9474-1A3956D46DE8}") = "ITL", "ITL", "{C6D566A5-CC04-4224-BD2E-3286B3F691E2}"
EndProject
Project("{2150E333-8FDC-42A3-9474-1A3956D46DE8}") = "DUK", "DUK", "{7CD81F54-B065-4732-AFE8-B2F7E7DD8A3F}"
EndProject
Project("{2150E333-8FDC-42A3-9474-1A3956D46DE8}") = "Referate", "Referate", "{0D7EFF6F-31FC-43E8-B54B-0A3B21E20928}"
EndProject
Project("{2150E333-8FDC-42A3-9474-1A3956D46DE8}") = "ReverseEngineering", "ReverseEngineering", "{D29FF196-64DB-459C-8806-DD27F8039329}"
EndProject
Project("{8BC9CEB8-8B4A-11D0-8D11-00A0C91BC942}") = "TestApplication", "DUK\Referate\ReverseEngineering\TestApplication\TestApplication.vcxproj", "{6F3D80E9-0D37-49B6-9DF9-01D064E8AAC3}"
EndProject
Project("{8BC9CEB8-8B4A-11D0-8D11-00A0C91BC942}") = "ExternalHack", "DUK\Referate\ReverseEngineering\ExternalHack\ExternalHack.vcxproj", "{A04CAA8C-7723-450B-B99E-13F48F7B251D}"
EndProject
Project("{2150E333-8FDC-42A3-9474-1A3956D46DE8}") = "Gamehacking", "Gamehacking", "{A02DAFBB-9A6E-4C1C-9948-3F744113A5D5}"
EndProject
Project("{2150E333-8FDC-42A3-9474-1A3956D46DE8}") = "Cracking", "Cracking", "{4FF47559-0E4B-4B98-9595-456481556904}"
EndProject
Project("{8BC9CEB8-8B4A-11D0-8D11-00A0C91BC942}") = "CrackingTest", "DUK\Referate\ReverseEngineering\CrackingTest\CrackingTest.vcxproj", "{AE77A10A-7E9B-414F-9BE8-F0A9B3596A8F}"
EndProject
Project("{8BC9CEB8-8B4A-11D0-8D11-00A0C91BC942}") = "Payload", "DUK\Referate\ReverseEngineering\Payload\Payload.vcxproj", "{EEC00772-BAE2-4C91-877C-BEAC86BDA2BE}"
EndProject
Project("{8BC9CEB8-8B4A-11D0-8D11-00A0C91BC942}") = "Injector", "DUK\Referate\ReverseEngineering\Injector\Injector.vcxproj", "{D8789E81-DE35-497A-B4A0-CED6F800D1C9}"
EndProject
Project("{FAE04EC0-301F-11D3-BF4B-00C04F79EFBC}") = "Uebung6", "ITL\Uebungen\Uebung6\Uebung6.csproj", "{0D015149-D769-4D37-953A-6906F5E007A0}"
EndProject
Project("{2150E333-8FDC-42A3-9474-1A3956D46DE8}") = "AA_04", "AA_04", "{0DCDFED7-42A3-4D6D-A624-B6E0131379B3}"
EndProject
Project("{FAE04EC0-301F-11D3-BF4B-00C04F79EFBC}") = "Files_Strings_Arrays", "ITL\Auftraege\Files_Strings_Arrays\Files_Strings_Arrays.csproj", "{9E8003CF-538E-4468-A3AF-28DD5BE81402}"
EndProject
Project("{FAE04EC0-301F-11D3-BF4B-00C04F79EFBC}") = "Uebung7", "ITL\Uebungen\Uebung7\Uebung7.csproj", "{8126ED34-2CB4-4129-9CD2-BD22D77EA908}"
EndProject
Project("{2150E333-8FDC-42A3-9474-1A3956D46DE8}") = "AA_03", "AA_03", "{C5BDCBB4-A3D7-42CB-A1FE-980A5EDA73E3}"
EndProject
Project("{FAE04EC0-301F-11D3-BF4B-00C04F79EFBC}") = "Flexible_Datenstrukturen", "ITL\Auftraege\Flexible_Datenstrukturen\Flexible_Datenstrukturen.csproj", "{C5A3C5C6-829A-4ADD-8591-3D5A68DE26F7}"
EndProject
Project("{2150E333-8FDC-42A3-9474-1A3956D46DE8}") = "INF", "INF", "{C321A156-F85F-492C-ACAF-436F19832003}"
EndProject
Project("{FAE04EC0-301F-11D3-BF4B-00C04F79EFBC}") = "SelectionSort", "INF\SelectionSort\SelectionSort.csproj", "{10253515-3640-4858-8CEB-4E2A3EC7CD0A}"
EndProject
Project("{FAE04EC0-301F-11D3-BF4B-00C04F79EFBC}") = "AvgCalc", "ITL\Uebungen\AvgCalc\AvgCalc.csproj", "{A22C5BCB-0F41-4EE0-8FC2-C5E2F7B7EE99}"
EndProject
Global
	GlobalSection(SolutionConfigurationPlatforms) = preSolution
		Debug|Any CPU = Debug|Any CPU
		Debug|x64 = Debug|x64
		Debug|x86 = Debug|x86
		Release|Any CPU = Release|Any CPU
		Release|x64 = Release|x64
		Release|x86 = Release|x86
	EndGlobalSection
	GlobalSection(ProjectConfigurationPlatforms) = postSolution
		{416738AD-CF88-49FC-9E27-0AEF9FE12269}.Debug|Any CPU.ActiveCfg = Debug|Any CPU
		{416738AD-CF88-49FC-9E27-0AEF9FE12269}.Debug|Any CPU.Build.0 = Debug|Any CPU
		{416738AD-CF88-49FC-9E27-0AEF9FE12269}.Debug|x64.ActiveCfg = Debug|Any CPU
		{416738AD-CF88-49FC-9E27-0AEF9FE12269}.Debug|x64.Build.0 = Debug|Any CPU
		{416738AD-CF88-49FC-9E27-0AEF9FE12269}.Debug|x86.ActiveCfg = Debug|Any CPU
		{416738AD-CF88-49FC-9E27-0AEF9FE12269}.Debug|x86.Build.0 = Debug|Any CPU
		{416738AD-CF88-49FC-9E27-0AEF9FE12269}.Release|Any CPU.ActiveCfg = Release|Any CPU
		{416738AD-CF88-49FC-9E27-0AEF9FE12269}.Release|Any CPU.Build.0 = Release|Any CPU
		{416738AD-CF88-49FC-9E27-0AEF9FE12269}.Release|x64.ActiveCfg = Release|Any CPU
		{416738AD-CF88-49FC-9E27-0AEF9FE12269}.Release|x64.Build.0 = Release|Any CPU
		{416738AD-CF88-49FC-9E27-0AEF9FE12269}.Release|x86.ActiveCfg = Release|Any CPU
		{416738AD-CF88-49FC-9E27-0AEF9FE12269}.Release|x86.Build.0 = Release|Any CPU
		{63630B7F-2FB4-4438-A553-3C3112E1412C}.Debug|Any CPU.ActiveCfg = Debug|Any CPU
		{63630B7F-2FB4-4438-A553-3C3112E1412C}.Debug|Any CPU.Build.0 = Debug|Any CPU
		{63630B7F-2FB4-4438-A553-3C3112E1412C}.Debug|x64.ActiveCfg = Debug|Any CPU
		{63630B7F-2FB4-4438-A553-3C3112E1412C}.Debug|x64.Build.0 = Debug|Any CPU
		{63630B7F-2FB4-4438-A553-3C3112E1412C}.Debug|x86.ActiveCfg = Debug|Any CPU
		{63630B7F-2FB4-4438-A553-3C3112E1412C}.Debug|x86.Build.0 = Debug|Any CPU
		{63630B7F-2FB4-4438-A553-3C3112E1412C}.Release|Any CPU.ActiveCfg = Release|Any CPU
		{63630B7F-2FB4-4438-A553-3C3112E1412C}.Release|Any CPU.Build.0 = Release|Any CPU
		{63630B7F-2FB4-4438-A553-3C3112E1412C}.Release|x64.ActiveCfg = Release|Any CPU
		{63630B7F-2FB4-4438-A553-3C3112E1412C}.Release|x64.Build.0 = Release|Any CPU
		{63630B7F-2FB4-4438-A553-3C3112E1412C}.Release|x86.ActiveCfg = Release|Any CPU
		{63630B7F-2FB4-4438-A553-3C3112E1412C}.Release|x86.Build.0 = Release|Any CPU
		{789350EC-2BE1-4E99-AD0B-D11D70AAD549}.Debug|Any CPU.ActiveCfg = Debug|Any CPU
		{789350EC-2BE1-4E99-AD0B-D11D70AAD549}.Debug|Any CPU.Build.0 = Debug|Any CPU
		{789350EC-2BE1-4E99-AD0B-D11D70AAD549}.Debug|x64.ActiveCfg = Debug|Any CPU
		{789350EC-2BE1-4E99-AD0B-D11D70AAD549}.Debug|x64.Build.0 = Debug|Any CPU
		{789350EC-2BE1-4E99-AD0B-D11D70AAD549}.Debug|x86.ActiveCfg = Debug|Any CPU
		{789350EC-2BE1-4E99-AD0B-D11D70AAD549}.Debug|x86.Build.0 = Debug|Any CPU
		{789350EC-2BE1-4E99-AD0B-D11D70AAD549}.Release|Any CPU.ActiveCfg = Release|Any CPU
		{789350EC-2BE1-4E99-AD0B-D11D70AAD549}.Release|Any CPU.Build.0 = Release|Any CPU
		{789350EC-2BE1-4E99-AD0B-D11D70AAD549}.Release|x64.ActiveCfg = Release|Any CPU
		{789350EC-2BE1-4E99-AD0B-D11D70AAD549}.Release|x64.Build.0 = Release|Any CPU
		{789350EC-2BE1-4E99-AD0B-D11D70AAD549}.Release|x86.ActiveCfg = Release|Any CPU
		{789350EC-2BE1-4E99-AD0B-D11D70AAD549}.Release|x86.Build.0 = Release|Any CPU
		{88FC97D6-FCEC-4C1B-9093-A738C2371DFD}.Debug|Any CPU.ActiveCfg = Debug|Any CPU
		{88FC97D6-FCEC-4C1B-9093-A738C2371DFD}.Debug|Any CPU.Build.0 = Debug|Any CPU
		{88FC97D6-FCEC-4C1B-9093-A738C2371DFD}.Debug|x64.ActiveCfg = Debug|Any CPU
		{88FC97D6-FCEC-4C1B-9093-A738C2371DFD}.Debug|x64.Build.0 = Debug|Any CPU
		{88FC97D6-FCEC-4C1B-9093-A738C2371DFD}.Debug|x86.ActiveCfg = Debug|Any CPU
		{88FC97D6-FCEC-4C1B-9093-A738C2371DFD}.Debug|x86.Build.0 = Debug|Any CPU
		{88FC97D6-FCEC-4C1B-9093-A738C2371DFD}.Release|Any CPU.ActiveCfg = Release|Any CPU
		{88FC97D6-FCEC-4C1B-9093-A738C2371DFD}.Release|Any CPU.Build.0 = Release|Any CPU
		{88FC97D6-FCEC-4C1B-9093-A738C2371DFD}.Release|x64.ActiveCfg = Release|Any CPU
		{88FC97D6-FCEC-4C1B-9093-A738C2371DFD}.Release|x64.Build.0 = Release|Any CPU
		{88FC97D6-FCEC-4C1B-9093-A738C2371DFD}.Release|x86.ActiveCfg = Release|Any CPU
		{88FC97D6-FCEC-4C1B-9093-A738C2371DFD}.Release|x86.Build.0 = Release|Any CPU
		{6E8CCC4E-5841-478D-BB6A-0E3493FE4BA2}.Debug|Any CPU.ActiveCfg = Debug|Any CPU
		{6E8CCC4E-5841-478D-BB6A-0E3493FE4BA2}.Debug|Any CPU.Build.0 = Debug|Any CPU
		{6E8CCC4E-5841-478D-BB6A-0E3493FE4BA2}.Debug|x64.ActiveCfg = Debug|Any CPU
		{6E8CCC4E-5841-478D-BB6A-0E3493FE4BA2}.Debug|x64.Build.0 = Debug|Any CPU
		{6E8CCC4E-5841-478D-BB6A-0E3493FE4BA2}.Debug|x86.ActiveCfg = Debug|Any CPU
		{6E8CCC4E-5841-478D-BB6A-0E3493FE4BA2}.Debug|x86.Build.0 = Debug|Any CPU
		{6E8CCC4E-5841-478D-BB6A-0E3493FE4BA2}.Release|Any CPU.ActiveCfg = Release|Any CPU
		{6E8CCC4E-5841-478D-BB6A-0E3493FE4BA2}.Release|Any CPU.Build.0 = Release|Any CPU
		{6E8CCC4E-5841-478D-BB6A-0E3493FE4BA2}.Release|x64.ActiveCfg = Release|Any CPU
		{6E8CCC4E-5841-478D-BB6A-0E3493FE4BA2}.Release|x64.Build.0 = Release|Any CPU
		{6E8CCC4E-5841-478D-BB6A-0E3493FE4BA2}.Release|x86.ActiveCfg = Release|Any CPU
		{6E8CCC4E-5841-478D-BB6A-0E3493FE4BA2}.Release|x86.Build.0 = Release|Any CPU
		{E1C83E6F-A799-4EFF-A917-2FB4040DA2F0}.Debug|Any CPU.ActiveCfg = Debug|Any CPU
		{E1C83E6F-A799-4EFF-A917-2FB4040DA2F0}.Debug|Any CPU.Build.0 = Debug|Any CPU
		{E1C83E6F-A799-4EFF-A917-2FB4040DA2F0}.Debug|x64.ActiveCfg = Debug|Any CPU
		{E1C83E6F-A799-4EFF-A917-2FB4040DA2F0}.Debug|x64.Build.0 = Debug|Any CPU
		{E1C83E6F-A799-4EFF-A917-2FB4040DA2F0}.Debug|x86.ActiveCfg = Debug|Any CPU
		{E1C83E6F-A799-4EFF-A917-2FB4040DA2F0}.Debug|x86.Build.0 = Debug|Any CPU
		{E1C83E6F-A799-4EFF-A917-2FB4040DA2F0}.Release|Any CPU.ActiveCfg = Release|Any CPU
		{E1C83E6F-A799-4EFF-A917-2FB4040DA2F0}.Release|Any CPU.Build.0 = Release|Any CPU
		{E1C83E6F-A799-4EFF-A917-2FB4040DA2F0}.Release|x64.ActiveCfg = Release|Any CPU
		{E1C83E6F-A799-4EFF-A917-2FB4040DA2F0}.Release|x64.Build.0 = Release|Any CPU
		{E1C83E6F-A799-4EFF-A917-2FB4040DA2F0}.Release|x86.ActiveCfg = Release|Any CPU
		{E1C83E6F-A799-4EFF-A917-2FB4040DA2F0}.Release|x86.Build.0 = Release|Any CPU
		{B827FE51-4FF6-4DD7-B3E1-61C6DC9543C0}.Debug|Any CPU.ActiveCfg = Debug|Any CPU
		{B827FE51-4FF6-4DD7-B3E1-61C6DC9543C0}.Debug|Any CPU.Build.0 = Debug|Any CPU
		{B827FE51-4FF6-4DD7-B3E1-61C6DC9543C0}.Debug|x64.ActiveCfg = Debug|Any CPU
		{B827FE51-4FF6-4DD7-B3E1-61C6DC9543C0}.Debug|x64.Build.0 = Debug|Any CPU
		{B827FE51-4FF6-4DD7-B3E1-61C6DC9543C0}.Debug|x86.ActiveCfg = Debug|Any CPU
		{B827FE51-4FF6-4DD7-B3E1-61C6DC9543C0}.Debug|x86.Build.0 = Debug|Any CPU
		{B827FE51-4FF6-4DD7-B3E1-61C6DC9543C0}.Release|Any CPU.ActiveCfg = Release|Any CPU
		{B827FE51-4FF6-4DD7-B3E1-61C6DC9543C0}.Release|Any CPU.Build.0 = Release|Any CPU
		{B827FE51-4FF6-4DD7-B3E1-61C6DC9543C0}.Release|x64.ActiveCfg = Release|Any CPU
		{B827FE51-4FF6-4DD7-B3E1-61C6DC9543C0}.Release|x64.Build.0 = Release|Any CPU
		{B827FE51-4FF6-4DD7-B3E1-61C6DC9543C0}.Release|x86.ActiveCfg = Release|Any CPU
		{B827FE51-4FF6-4DD7-B3E1-61C6DC9543C0}.Release|x86.Build.0 = Release|Any CPU
		{1C80DCFA-68B7-489C-8A33-CACC10D0A4BC}.Debug|Any CPU.ActiveCfg = Debug|Any CPU
		{1C80DCFA-68B7-489C-8A33-CACC10D0A4BC}.Debug|Any CPU.Build.0 = Debug|Any CPU
		{1C80DCFA-68B7-489C-8A33-CACC10D0A4BC}.Debug|x64.ActiveCfg = Debug|Any CPU
		{1C80DCFA-68B7-489C-8A33-CACC10D0A4BC}.Debug|x64.Build.0 = Debug|Any CPU
		{1C80DCFA-68B7-489C-8A33-CACC10D0A4BC}.Debug|x86.ActiveCfg = Debug|Any CPU
		{1C80DCFA-68B7-489C-8A33-CACC10D0A4BC}.Debug|x86.Build.0 = Debug|Any CPU
		{1C80DCFA-68B7-489C-8A33-CACC10D0A4BC}.Release|Any CPU.ActiveCfg = Release|Any CPU
		{1C80DCFA-68B7-489C-8A33-CACC10D0A4BC}.Release|Any CPU.Build.0 = Release|Any CPU
		{1C80DCFA-68B7-489C-8A33-CACC10D0A4BC}.Release|x64.ActiveCfg = Release|Any CPU
		{1C80DCFA-68B7-489C-8A33-CACC10D0A4BC}.Release|x64.Build.0 = Release|Any CPU
		{1C80DCFA-68B7-489C-8A33-CACC10D0A4BC}.Release|x86.ActiveCfg = Release|Any CPU
		{1C80DCFA-68B7-489C-8A33-CACC10D0A4BC}.Release|x86.Build.0 = Release|Any CPU
		{6F3D80E9-0D37-49B6-9DF9-01D064E8AAC3}.Debug|Any CPU.ActiveCfg = Debug|Win32
		{6F3D80E9-0D37-49B6-9DF9-01D064E8AAC3}.Debug|Any CPU.Build.0 = Debug|Win32
		{6F3D80E9-0D37-49B6-9DF9-01D064E8AAC3}.Debug|x64.ActiveCfg = Debug|x64
		{6F3D80E9-0D37-49B6-9DF9-01D064E8AAC3}.Debug|x64.Build.0 = Debug|x64
		{6F3D80E9-0D37-49B6-9DF9-01D064E8AAC3}.Debug|x86.ActiveCfg = Debug|Win32
		{6F3D80E9-0D37-49B6-9DF9-01D064E8AAC3}.Debug|x86.Build.0 = Debug|Win32
		{6F3D80E9-0D37-49B6-9DF9-01D064E8AAC3}.Release|Any CPU.ActiveCfg = Release|Win32
		{6F3D80E9-0D37-49B6-9DF9-01D064E8AAC3}.Release|Any CPU.Build.0 = Release|Win32
		{6F3D80E9-0D37-49B6-9DF9-01D064E8AAC3}.Release|x64.ActiveCfg = Release|x64
		{6F3D80E9-0D37-49B6-9DF9-01D064E8AAC3}.Release|x64.Build.0 = Release|x64
		{6F3D80E9-0D37-49B6-9DF9-01D064E8AAC3}.Release|x86.ActiveCfg = Release|Win32
		{6F3D80E9-0D37-49B6-9DF9-01D064E8AAC3}.Release|x86.Build.0 = Release|Win32
		{A04CAA8C-7723-450B-B99E-13F48F7B251D}.Debug|Any CPU.ActiveCfg = Debug|Win32
		{A04CAA8C-7723-450B-B99E-13F48F7B251D}.Debug|Any CPU.Build.0 = Debug|Win32
		{A04CAA8C-7723-450B-B99E-13F48F7B251D}.Debug|x64.ActiveCfg = Debug|x64
		{A04CAA8C-7723-450B-B99E-13F48F7B251D}.Debug|x64.Build.0 = Debug|x64
		{A04CAA8C-7723-450B-B99E-13F48F7B251D}.Debug|x86.ActiveCfg = Debug|Win32
		{A04CAA8C-7723-450B-B99E-13F48F7B251D}.Debug|x86.Build.0 = Debug|Win32
		{A04CAA8C-7723-450B-B99E-13F48F7B251D}.Release|Any CPU.ActiveCfg = Release|Win32
		{A04CAA8C-7723-450B-B99E-13F48F7B251D}.Release|Any CPU.Build.0 = Release|Win32
		{A04CAA8C-7723-450B-B99E-13F48F7B251D}.Release|x64.ActiveCfg = Release|x64
		{A04CAA8C-7723-450B-B99E-13F48F7B251D}.Release|x64.Build.0 = Release|x64
		{A04CAA8C-7723-450B-B99E-13F48F7B251D}.Release|x86.ActiveCfg = Release|Win32
		{A04CAA8C-7723-450B-B99E-13F48F7B251D}.Release|x86.Build.0 = Release|Win32
		{AE77A10A-7E9B-414F-9BE8-F0A9B3596A8F}.Debug|Any CPU.ActiveCfg = Debug|Win32
		{AE77A10A-7E9B-414F-9BE8-F0A9B3596A8F}.Debug|Any CPU.Build.0 = Debug|Win32
		{AE77A10A-7E9B-414F-9BE8-F0A9B3596A8F}.Debug|x64.ActiveCfg = Debug|x64
		{AE77A10A-7E9B-414F-9BE8-F0A9B3596A8F}.Debug|x64.Build.0 = Debug|x64
		{AE77A10A-7E9B-414F-9BE8-F0A9B3596A8F}.Debug|x86.ActiveCfg = Debug|Win32
		{AE77A10A-7E9B-414F-9BE8-F0A9B3596A8F}.Debug|x86.Build.0 = Debug|Win32
		{AE77A10A-7E9B-414F-9BE8-F0A9B3596A8F}.Release|Any CPU.ActiveCfg = Release|Win32
		{AE77A10A-7E9B-414F-9BE8-F0A9B3596A8F}.Release|Any CPU.Build.0 = Release|Win32
		{AE77A10A-7E9B-414F-9BE8-F0A9B3596A8F}.Release|x64.ActiveCfg = Release|x64
		{AE77A10A-7E9B-414F-9BE8-F0A9B3596A8F}.Release|x64.Build.0 = Release|x64
		{AE77A10A-7E9B-414F-9BE8-F0A9B3596A8F}.Release|x86.ActiveCfg = Release|Win32
		{AE77A10A-7E9B-414F-9BE8-F0A9B3596A8F}.Release|x86.Build.0 = Release|Win32
		{EEC00772-BAE2-4C91-877C-BEAC86BDA2BE}.Debug|Any CPU.ActiveCfg = Debug|Win32
		{EEC00772-BAE2-4C91-877C-BEAC86BDA2BE}.Debug|Any CPU.Build.0 = Debug|Win32
		{EEC00772-BAE2-4C91-877C-BEAC86BDA2BE}.Debug|x64.ActiveCfg = Debug|x64
		{EEC00772-BAE2-4C91-877C-BEAC86BDA2BE}.Debug|x64.Build.0 = Debug|x64
		{EEC00772-BAE2-4C91-877C-BEAC86BDA2BE}.Debug|x86.ActiveCfg = Debug|Win32
		{EEC00772-BAE2-4C91-877C-BEAC86BDA2BE}.Debug|x86.Build.0 = Debug|Win32
		{EEC00772-BAE2-4C91-877C-BEAC86BDA2BE}.Release|Any CPU.ActiveCfg = Release|Win32
		{EEC00772-BAE2-4C91-877C-BEAC86BDA2BE}.Release|x64.ActiveCfg = Release|x64
		{EEC00772-BAE2-4C91-877C-BEAC86BDA2BE}.Release|x64.Build.0 = Release|x64
		{EEC00772-BAE2-4C91-877C-BEAC86BDA2BE}.Release|x86.ActiveCfg = Release|Win32
		{EEC00772-BAE2-4C91-877C-BEAC86BDA2BE}.Release|x86.Build.0 = Release|Win32
		{D8789E81-DE35-497A-B4A0-CED6F800D1C9}.Debug|Any CPU.ActiveCfg = Debug|Win32
		{D8789E81-DE35-497A-B4A0-CED6F800D1C9}.Debug|Any CPU.Build.0 = Debug|Win32
		{D8789E81-DE35-497A-B4A0-CED6F800D1C9}.Debug|x64.ActiveCfg = Debug|x64
		{D8789E81-DE35-497A-B4A0-CED6F800D1C9}.Debug|x64.Build.0 = Debug|x64
		{D8789E81-DE35-497A-B4A0-CED6F800D1C9}.Debug|x86.ActiveCfg = Debug|Win32
		{D8789E81-DE35-497A-B4A0-CED6F800D1C9}.Debug|x86.Build.0 = Debug|Win32
		{D8789E81-DE35-497A-B4A0-CED6F800D1C9}.Release|Any CPU.ActiveCfg = Release|Win32
		{D8789E81-DE35-497A-B4A0-CED6F800D1C9}.Release|x64.ActiveCfg = Release|x64
		{D8789E81-DE35-497A-B4A0-CED6F800D1C9}.Release|x64.Build.0 = Release|x64
		{D8789E81-DE35-497A-B4A0-CED6F800D1C9}.Release|x86.ActiveCfg = Release|Win32
		{D8789E81-DE35-497A-B4A0-CED6F800D1C9}.Release|x86.Build.0 = Release|Win32
		{0D015149-D769-4D37-953A-6906F5E007A0}.Debug|Any CPU.ActiveCfg = Debug|Any CPU
		{0D015149-D769-4D37-953A-6906F5E007A0}.Debug|Any CPU.Build.0 = Debug|Any CPU
		{0D015149-D769-4D37-953A-6906F5E007A0}.Debug|x64.ActiveCfg = Debug|Any CPU
		{0D015149-D769-4D37-953A-6906F5E007A0}.Debug|x64.Build.0 = Debug|Any CPU
		{0D015149-D769-4D37-953A-6906F5E007A0}.Debug|x86.ActiveCfg = Debug|Any CPU
		{0D015149-D769-4D37-953A-6906F5E007A0}.Debug|x86.Build.0 = Debug|Any CPU
		{0D015149-D769-4D37-953A-6906F5E007A0}.Release|Any CPU.ActiveCfg = Release|Any CPU
		{0D015149-D769-4D37-953A-6906F5E007A0}.Release|Any CPU.Build.0 = Release|Any CPU
		{0D015149-D769-4D37-953A-6906F5E007A0}.Release|x64.ActiveCfg = Release|Any CPU
		{0D015149-D769-4D37-953A-6906F5E007A0}.Release|x64.Build.0 = Release|Any CPU
		{0D015149-D769-4D37-953A-6906F5E007A0}.Release|x86.ActiveCfg = Release|Any CPU
		{0D015149-D769-4D37-953A-6906F5E007A0}.Release|x86.Build.0 = Release|Any CPU
		{9E8003CF-538E-4468-A3AF-28DD5BE81402}.Debug|Any CPU.ActiveCfg = Debug|Any CPU
		{9E8003CF-538E-4468-A3AF-28DD5BE81402}.Debug|Any CPU.Build.0 = Debug|Any CPU
		{9E8003CF-538E-4468-A3AF-28DD5BE81402}.Debug|x64.ActiveCfg = Debug|Any CPU
		{9E8003CF-538E-4468-A3AF-28DD5BE81402}.Debug|x64.Build.0 = Debug|Any CPU
		{9E8003CF-538E-4468-A3AF-28DD5BE81402}.Debug|x86.ActiveCfg = Debug|Any CPU
		{9E8003CF-538E-4468-A3AF-28DD5BE81402}.Debug|x86.Build.0 = Debug|Any CPU
		{9E8003CF-538E-4468-A3AF-28DD5BE81402}.Release|Any CPU.ActiveCfg = Release|Any CPU
		{9E8003CF-538E-4468-A3AF-28DD5BE81402}.Release|Any CPU.Build.0 = Release|Any CPU
		{9E8003CF-538E-4468-A3AF-28DD5BE81402}.Release|x64.ActiveCfg = Release|Any CPU
		{9E8003CF-538E-4468-A3AF-28DD5BE81402}.Release|x64.Build.0 = Release|Any CPU
		{9E8003CF-538E-4468-A3AF-28DD5BE81402}.Release|x86.ActiveCfg = Release|Any CPU
		{9E8003CF-538E-4468-A3AF-28DD5BE81402}.Release|x86.Build.0 = Release|Any CPU
		{8126ED34-2CB4-4129-9CD2-BD22D77EA908}.Debug|Any CPU.ActiveCfg = Debug|Any CPU
		{8126ED34-2CB4-4129-9CD2-BD22D77EA908}.Debug|Any CPU.Build.0 = Debug|Any CPU
		{8126ED34-2CB4-4129-9CD2-BD22D77EA908}.Debug|x64.ActiveCfg = Debug|Any CPU
		{8126ED34-2CB4-4129-9CD2-BD22D77EA908}.Debug|x64.Build.0 = Debug|Any CPU
		{8126ED34-2CB4-4129-9CD2-BD22D77EA908}.Debug|x86.ActiveCfg = Debug|Any CPU
		{8126ED34-2CB4-4129-9CD2-BD22D77EA908}.Debug|x86.Build.0 = Debug|Any CPU
		{8126ED34-2CB4-4129-9CD2-BD22D77EA908}.Release|Any CPU.ActiveCfg = Release|Any CPU
		{8126ED34-2CB4-4129-9CD2-BD22D77EA908}.Release|Any CPU.Build.0 = Release|Any CPU
		{8126ED34-2CB4-4129-9CD2-BD22D77EA908}.Release|x64.ActiveCfg = Release|Any CPU
		{8126ED34-2CB4-4129-9CD2-BD22D77EA908}.Release|x64.Build.0 = Release|Any CPU
		{8126ED34-2CB4-4129-9CD2-BD22D77EA908}.Release|x86.ActiveCfg = Release|Any CPU
		{8126ED34-2CB4-4129-9CD2-BD22D77EA908}.Release|x86.Build.0 = Release|Any CPU
		{C5A3C5C6-829A-4ADD-8591-3D5A68DE26F7}.Debug|Any CPU.ActiveCfg = Debug|Any CPU
		{C5A3C5C6-829A-4ADD-8591-3D5A68DE26F7}.Debug|Any CPU.Build.0 = Debug|Any CPU
		{C5A3C5C6-829A-4ADD-8591-3D5A68DE26F7}.Debug|x64.ActiveCfg = Debug|Any CPU
		{C5A3C5C6-829A-4ADD-8591-3D5A68DE26F7}.Debug|x64.Build.0 = Debug|Any CPU
		{C5A3C5C6-829A-4ADD-8591-3D5A68DE26F7}.Debug|x86.ActiveCfg = Debug|Any CPU
		{C5A3C5C6-829A-4ADD-8591-3D5A68DE26F7}.Debug|x86.Build.0 = Debug|Any CPU
		{C5A3C5C6-829A-4ADD-8591-3D5A68DE26F7}.Release|Any CPU.ActiveCfg = Release|Any CPU
		{C5A3C5C6-829A-4ADD-8591-3D5A68DE26F7}.Release|Any CPU.Build.0 = Release|Any CPU
		{C5A3C5C6-829A-4ADD-8591-3D5A68DE26F7}.Release|x64.ActiveCfg = Release|Any CPU
		{C5A3C5C6-829A-4ADD-8591-3D5A68DE26F7}.Release|x64.Build.0 = Release|Any CPU
		{C5A3C5C6-829A-4ADD-8591-3D5A68DE26F7}.Release|x86.ActiveCfg = Release|Any CPU
		{C5A3C5C6-829A-4ADD-8591-3D5A68DE26F7}.Release|x86.Build.0 = Release|Any CPU
		{10253515-3640-4858-8CEB-4E2A3EC7CD0A}.Debug|Any CPU.ActiveCfg = Debug|Any CPU
		{10253515-3640-4858-8CEB-4E2A3EC7CD0A}.Debug|Any CPU.Build.0 = Debug|Any CPU
		{10253515-3640-4858-8CEB-4E2A3EC7CD0A}.Debug|x64.ActiveCfg = Debug|Any CPU
		{10253515-3640-4858-8CEB-4E2A3EC7CD0A}.Debug|x64.Build.0 = Debug|Any CPU
		{10253515-3640-4858-8CEB-4E2A3EC7CD0A}.Debug|x86.ActiveCfg = Debug|Any CPU
		{10253515-3640-4858-8CEB-4E2A3EC7CD0A}.Debug|x86.Build.0 = Debug|Any CPU
		{10253515-3640-4858-8CEB-4E2A3EC7CD0A}.Release|Any CPU.ActiveCfg = Release|Any CPU
		{10253515-3640-4858-8CEB-4E2A3EC7CD0A}.Release|Any CPU.Build.0 = Release|Any CPU
		{10253515-3640-4858-8CEB-4E2A3EC7CD0A}.Release|x64.ActiveCfg = Release|Any CPU
		{10253515-3640-4858-8CEB-4E2A3EC7CD0A}.Release|x64.Build.0 = Release|Any CPU
		{10253515-3640-4858-8CEB-4E2A3EC7CD0A}.Release|x86.ActiveCfg = Release|Any CPU
		{10253515-3640-4858-8CEB-4E2A3EC7CD0A}.Release|x86.Build.0 = Release|Any CPU
		{A22C5BCB-0F41-4EE0-8FC2-C5E2F7B7EE99}.Debug|Any CPU.ActiveCfg = Debug|Any CPU
		{A22C5BCB-0F41-4EE0-8FC2-C5E2F7B7EE99}.Debug|Any CPU.Build.0 = Debug|Any CPU
		{A22C5BCB-0F41-4EE0-8FC2-C5E2F7B7EE99}.Debug|x64.ActiveCfg = Debug|Any CPU
		{A22C5BCB-0F41-4EE0-8FC2-C5E2F7B7EE99}.Debug|x64.Build.0 = Debug|Any CPU
		{A22C5BCB-0F41-4EE0-8FC2-C5E2F7B7EE99}.Debug|x86.ActiveCfg = Debug|Any CPU
		{A22C5BCB-0F41-4EE0-8FC2-C5E2F7B7EE99}.Debug|x86.Build.0 = Debug|Any CPU
		{A22C5BCB-0F41-4EE0-8FC2-C5E2F7B7EE99}.Release|Any CPU.ActiveCfg = Release|Any CPU
		{A22C5BCB-0F41-4EE0-8FC2-C5E2F7B7EE99}.Release|Any CPU.Build.0 = Release|Any CPU
		{A22C5BCB-0F41-4EE0-8FC2-C5E2F7B7EE99}.Release|x64.ActiveCfg = Release|Any CPU
		{A22C5BCB-0F41-4EE0-8FC2-C5E2F7B7EE99}.Release|x64.Build.0 = Release|Any CPU
		{A22C5BCB-0F41-4EE0-8FC2-C5E2F7B7EE99}.Release|x86.ActiveCfg = Release|Any CPU
		{A22C5BCB-0F41-4EE0-8FC2-C5E2F7B7EE99}.Release|x86.Build.0 = Release|Any CPU
	EndGlobalSection
	GlobalSection(SolutionProperties) = preSolution
		HideSolutionNode = FALSE
	EndGlobalSection
	GlobalSection(NestedProjects) = preSolution
		{416738AD-CF88-49FC-9E27-0AEF9FE12269} = {9EEEA6E0-3BEA-4555-BB37-90A7DA2F87C8}
		{63630B7F-2FB4-4438-A553-3C3112E1412C} = {9EEEA6E0-3BEA-4555-BB37-90A7DA2F87C8}
		{789350EC-2BE1-4E99-AD0B-D11D70AAD549} = {9EEEA6E0-3BEA-4555-BB37-90A7DA2F87C8}
		{9EEEA6E0-3BEA-4555-BB37-90A7DA2F87C8} = {C6D566A5-CC04-4224-BD2E-3286B3F691E2}
		{33EE2A8F-FFB9-4E37-81B7-54542EC51D57} = {C6D566A5-CC04-4224-BD2E-3286B3F691E2}
		{767F6765-4963-4146-B171-EB5BEF875197} = {33EE2A8F-FFB9-4E37-81B7-54542EC51D57}
		{88FC97D6-FCEC-4C1B-9093-A738C2371DFD} = {767F6765-4963-4146-B171-EB5BEF875197}
		{6E8CCC4E-5841-478D-BB6A-0E3493FE4BA2} = {9EEEA6E0-3BEA-4555-BB37-90A7DA2F87C8}
		{C65C5388-A5D5-44BB-902F-2F97965630F8} = {33EE2A8F-FFB9-4E37-81B7-54542EC51D57}
		{E1C83E6F-A799-4EFF-A917-2FB4040DA2F0} = {C65C5388-A5D5-44BB-902F-2F97965630F8}
		{B827FE51-4FF6-4DD7-B3E1-61C6DC9543C0} = {9EEEA6E0-3BEA-4555-BB37-90A7DA2F87C8}
		{60324169-2A53-4E91-BC73-E456FFA94FD3} = {33EE2A8F-FFB9-4E37-81B7-54542EC51D57}
		{1C80DCFA-68B7-489C-8A33-CACC10D0A4BC} = {60324169-2A53-4E91-BC73-E456FFA94FD3}
		{0D7EFF6F-31FC-43E8-B54B-0A3B21E20928} = {7CD81F54-B065-4732-AFE8-B2F7E7DD8A3F}
		{D29FF196-64DB-459C-8806-DD27F8039329} = {0D7EFF6F-31FC-43E8-B54B-0A3B21E20928}
		{6F3D80E9-0D37-49B6-9DF9-01D064E8AAC3} = {A02DAFBB-9A6E-4C1C-9948-3F744113A5D5}
		{A04CAA8C-7723-450B-B99E-13F48F7B251D} = {A02DAFBB-9A6E-4C1C-9948-3F744113A5D5}
		{A02DAFBB-9A6E-4C1C-9948-3F744113A5D5} = {D29FF196-64DB-459C-8806-DD27F8039329}
		{4FF47559-0E4B-4B98-9595-456481556904} = {D29FF196-64DB-459C-8806-DD27F8039329}
		{AE77A10A-7E9B-414F-9BE8-F0A9B3596A8F} = {4FF47559-0E4B-4B98-9595-456481556904}
		{EEC00772-BAE2-4C91-877C-BEAC86BDA2BE} = {A02DAFBB-9A6E-4C1C-9948-3F744113A5D5}
		{D8789E81-DE35-497A-B4A0-CED6F800D1C9} = {A02DAFBB-9A6E-4C1C-9948-3F744113A5D5}
		{0D015149-D769-4D37-953A-6906F5E007A0} = {9EEEA6E0-3BEA-4555-BB37-90A7DA2F87C8}
		{0DCDFED7-42A3-4D6D-A624-B6E0131379B3} = {33EE2A8F-FFB9-4E37-81B7-54542EC51D57}
		{9E8003CF-538E-4468-A3AF-28DD5BE81402} = {0DCDFED7-42A3-4D6D-A624-B6E0131379B3}
		{8126ED34-2CB4-4129-9CD2-BD22D77EA908} = {9EEEA6E0-3BEA-4555-BB37-90A7DA2F87C8}
		{C5BDCBB4-A3D7-42CB-A1FE-980A5EDA73E3} = {33EE2A8F-FFB9-4E37-81B7-54542EC51D57}
		{C5A3C5C6-829A-4ADD-8591-3D5A68DE26F7} = {C5BDCBB4-A3D7-42CB-A1FE-980A5EDA73E3}
		{10253515-3640-4858-8CEB-4E2A3EC7CD0A} = {C321A156-F85F-492C-ACAF-436F19832003}
		{A22C5BCB-0F41-4EE0-8FC2-C5E2F7B7EE99} = {9EEEA6E0-3BEA-4555-BB37-90A7DA2F87C8}
	EndGlobalSection
	GlobalSection(ExtensibilityGlobals) = postSolution
		SolutionGuid = {53EE0186-CA71-4805-8904-058A255BC450}
	EndGlobalSection
EndGlobal
